
Microsoft Visual Studio Solution File, Format Version 12.00
# Visual Studio Version 17
VisualStudioVersion = 17.8.34316.72
MinimumVisualStudioVersion = 10.0.40219.1
Project("{FAE04EC0-301F-11D3-BF4B-00C04F79EFBC}") = "WebApplication1", "WebApplication1.csproj", "{1EA9397A-9B73-44BC-A0F3-4CE95F74536A}"
EndProject
Project("{FAE04EC0-301F-11D3-BF4B-00C04F79EFBC}") = "Date_Calculations", "Date_Calculations\Date_Calculations.csproj", "{D0A48803-9642-4375-B6AF-C14EAB1EBED1}"
EndProject
Global
	GlobalSection(SolutionConfigurationPlatforms) = preSolution
		Debug|Any CPU = Debug|Any CPU
		Release|Any CPU = Release|Any CPU
	EndGlobalSection
	GlobalSection(ProjectConfigurationPlatforms) = postSolution
		{1EA9397A-9B73-44BC-A0F3-4CE95F74536A}.Debug|Any CPU.ActiveCfg = Debug|Any CPU
		{1EA9397A-9B73-44BC-A0F3-4CE95F74536A}.Debug|Any CPU.Build.0 = Debug|Any CPU
		{1EA9397A-9B73-44BC-A0F3-4CE95F74536A}.Release|Any CPU.ActiveCfg = Release|Any CPU
		{1EA9397A-9B73-44BC-A0F3-4CE95F74536A}.Release|Any CPU.Build.0 = Release|Any CPU
		{D0A48803-9642-4375-B6AF-C14EAB1EBED1}.Debug|Any CPU.ActiveCfg = Debug|Any CPU
		{D0A48803-9642-4375-B6AF-C14EAB1EBED1}.Debug|Any CPU.Build.0 = Debug|Any CPU
		{D0A48803-9642-4375-B6AF-C14EAB1EBED1}.Release|Any CPU.ActiveCfg = Release|Any CPU
		{D0A48803-9642-4375-B6AF-C14EAB1EBED1}.Release|Any CPU.Build.0 = Release|Any CPU
	EndGlobalSection
	GlobalSection(SolutionProperties) = preSolution
		HideSolutionNode = FALSE
	EndGlobalSection
	GlobalSection(ExtensibilityGlobals) = postSolution
		SolutionGuid = {064D426F-CD08-4599-B4C4-043D7B72EFB1}
	EndGlobalSection
EndGlobal
